
Microsoft Visual Studio Solution File, Format Version 12.00
# Visual Studio Version 17
VisualStudioVersion = 17.9.34714.143
MinimumVisualStudioVersion = 10.0.40219.1
Project("{FAE04EC0-301F-11D3-BF4B-00C04F79EFBC}") = "CampusConnect.Web", "CampusConnect.Web\CampusConnect.Web.csproj", "{DABAD436-CD96-47FA-BBFF-A8D894F2D892}"
EndProject
Global
	GlobalSection(SolutionConfigurationPlatforms) = preSolution
		Debug|Any CPU = Debug|Any CPU
		Release|Any CPU = Release|Any CPU
	EndGlobalSection
	GlobalSection(ProjectConfigurationPlatforms) = postSolution
		{DABAD436-CD96-47FA-BBFF-A8D894F2D892}.Debug|Any CPU.ActiveCfg = Debug|Any CPU
		{DABAD436-CD96-47FA-BBFF-A8D894F2D892}.Debug|Any CPU.Build.0 = Debug|Any CPU
		{DABAD436-CD96-47FA-BBFF-A8D894F2D892}.Release|Any CPU.ActiveCfg = Release|Any CPU
		{DABAD436-CD96-47FA-BBFF-A8D894F2D892}.Release|Any CPU.Build.0 = Release|Any CPU
	EndGlobalSection
	GlobalSection(SolutionProperties) = preSolution
		HideSolutionNode = FALSE
	EndGlobalSection
	GlobalSection(ExtensibilityGlobals) = postSolution
		SolutionGuid = {69AD2DFD-08F5-4D93-BB61-FF3B1A26F2CC}
	EndGlobalSection
EndGlobal
